lockfileVersion: 5.4

specifiers:
  colorette: ^2.0.19
  fflate: ^0.7.4
  filesize: ^10.0.5
  rollup: 2.79.1

dependencies:
  colorette: 2.0.19
  fflate: 0.7.4
  filesize: 10.0.5

devDependencies:
  rollup: 2.79.1

packages:

  /colorette/2.0.19:
    resolution: {integrity: sha512-3tlv/dIP7FWvj3BsbHrGLJ6l/oKh1O3TcgBqMn+yyCagOxc23fyzDS6HypQbgxWbkpDnf52p1LuR4eWDQ/K9WQ==}
    dev: false

  /fflate/0.7.4:
    resolution: {integrity: sha512-5u2V/CDW15QM1XbbgS+0DfPxVB+jUKhWEKuuFuHncbk3tEEqzmoXL+2KyOFuKGqOnmdIy0/davWF1CkuwtibCw==}
    dev: false

  /filesize/10.0.5:
    resolution: {integrity: sha512-qrzyt8gLh86nsyYiC3ibI5KyIYRCWg2yqIklYrWF4a0qNfekik4OQfn7AoPJG2hRrPMSlH6fET4VEITweZAzjA==}
    engines: {node: '>= 14.0.0'}
    dev: false

  /fsevents/2.3.2:
    resolution: {integrity: sha512-xiqMQR4xAeHTuB9uWm+fFRcIOgKBMiOBP+eXiyT7jsgVCq1bkVygt00oASowB7EdtpOHaaPgKt812P9ab+DDKA==}
    engines: {node: ^8.16.0 || ^10.6.0 || >=11.0.0}
    os: [darwin]
    requiresBuild: true
    dev: true
    optional: true

  /rollup/2.79.1:
    resolution: {integrity: sha512-uKxbd0IhMZOhjAiD5oAFp7BqvkA4Dv47qpOCtaNvng4HBwdbWtdOh8f5nZNuk2rp51PMGk3bzfWu5oayNEuYnw==}
    engines: {node: '>=10.0.0'}
    hasBin: true
    optionalDependencies:
      fsevents: 2.3.2
    dev: true
